
Microsoft Visual Studio Solution File, Format Version 12.00
# Visual Studio Version 17
VisualStudioVersion = 17.7.34009.444
MinimumVisualStudioVersion = 10.0.40219.1
Project("{FAE04EC0-301F-11D3-BF4B-00C04F79EFBC}") = "EsSalud_TP_Fundamentos", "EsSalud_TP_Fundamentos\EsSalud_TP_Fundamentos.csproj", "{61B3FA1A-0ACA-41DC-AC80-976AA2E007CA}"
EndProject
Global
	GlobalSection(SolutionConfigurationPlatforms) = preSolution
		Debug|Any CPU = Debug|Any CPU
		Release|Any CPU = Release|Any CPU
	EndGlobalSection
	GlobalSection(ProjectConfigurationPlatforms) = postSolution
		{61B3FA1A-0ACA-41DC-AC80-976AA2E007CA}.Debug|Any CPU.ActiveCfg = Debug|Any CPU
		{61B3FA1A-0ACA-41DC-AC80-976AA2E007CA}.Debug|Any CPU.Build.0 = Debug|Any CPU
		{61B3FA1A-0ACA-41DC-AC80-976AA2E007CA}.Release|Any CPU.ActiveCfg = Release|Any CPU
		{61B3FA1A-0ACA-41DC-AC80-976AA2E007CA}.Release|Any CPU.Build.0 = Release|Any CPU
	EndGlobalSection
	GlobalSection(SolutionProperties) = preSolution
		HideSolutionNode = FALSE
	EndGlobalSection
	GlobalSection(ExtensibilityGlobals) = postSolution
		SolutionGuid = {907E73AA-30EA-4670-A182-6439173C2609}
	EndGlobalSection
EndGlobal
